
Microsoft Visual Studio Solution File, Format Version 12.00
# Visual Studio 15
VisualStudioVersion = 15.0.28307.572
MinimumVisualStudioVersion = 10.0.40219.1
Project("{9A19103F-16F7-4668-BE54-9A1E7A4F7556}") = "Demo", "Demo\Demo.csproj", "{311405A8-8FE0-4AAA-A231-19B2AD4CF388}"
EndProject
Project("{9A19103F-16F7-4668-BE54-9A1E7A4F7556}") = "Netcorelibrary", "Netcorelibrary\Netcorelibrary.csproj", "{CBB211E4-8705-4E0C-A0AD-E91D80ED208E}"
EndProject
Global
	GlobalSection(SolutionConfigurationPlatforms) = preSolution
		Debug|Any CPU = Debug|Any CPU
		Release|Any CPU = Release|Any CPU
	EndGlobalSection
	GlobalSection(ProjectConfigurationPlatforms) = postSolution
		{311405A8-8FE0-4AAA-A231-19B2AD4CF388}.Debug|Any CPU.ActiveCfg = Debug|Any CPU
		{311405A8-8FE0-4AAA-A231-19B2AD4CF388}.Debug|Any CPU.Build.0 = Debug|Any CPU
		{311405A8-8FE0-4AAA-A231-19B2AD4CF388}.Release|Any CPU.ActiveCfg = Release|Any CPU
		{311405A8-8FE0-4AAA-A231-19B2AD4CF388}.Release|Any CPU.Build.0 = Release|Any CPU
		{CBB211E4-8705-4E0C-A0AD-E91D80ED208E}.Debug|Any CPU.ActiveCfg = Debug|Any CPU
		{CBB211E4-8705-4E0C-A0AD-E91D80ED208E}.Debug|Any CPU.Build.0 = Debug|Any CPU
		{CBB211E4-8705-4E0C-A0AD-E91D80ED208E}.Release|Any CPU.ActiveCfg = Release|Any CPU
		{CBB211E4-8705-4E0C-A0AD-E91D80ED208E}.Release|Any CPU.Build.0 = Release|Any CPU
	EndGlobalSection
	GlobalSection(SolutionProperties) = preSolution
		HideSolutionNode = FALSE
	EndGlobalSection
	GlobalSection(ExtensibilityGlobals) = postSolution
		SolutionGuid = {5FD00EE1-2FF3-4920-8283-7D1C273CE38B}
	EndGlobalSection
EndGlobal
